{
  "version": "4",
  "redirects": {
    "https://esm.sh/@octokit/auth-token": "https://esm.sh/@octokit/auth-token@5.1.1",
    "https://esm.sh/@octokit/rest": "https://esm.sh/@octokit/rest@21.0.2"
  },
  "remote": {
    "https://deno.land/std@0.224.0/dotenv/mod.ts": "0180eaeedaaf88647318811cdaa418cc64dc51fb08354f91f5f480d0a1309f7d",
    "https://deno.land/std@0.224.0/dotenv/parse.ts": "09977ff88dfd1f24f9973a338f0f91bbdb9307eb5ff6085446e7c423e4c7ba0c",
    "https://deno.land/std@0.224.0/dotenv/stringify.ts": "275da322c409170160440836342eaa7cf012a1d11a7e700d8ca4e7f2f8aa4615",
    "https://deno.land/x/delay@v0.2.0/mod.ts": "5ae83b4c1d128ec2246edd11f12df76ce184a755ff9bf48e0940346fb310571d",
    "https://deno.land/x/delay@v0.2.0/src/delay.ts": "6434eeb9baf3034143832be5dcfe54e4d78bafbcca58c69bb6c9f2b983b0f497",
    "https://esm.sh/@octokit/auth-token@5.1.1": "d126ac13f0a0c07c5d6d272eaf02a398f22571af8dd086290165b6b84404cb6d",
    "https://esm.sh/@octokit/rest@21.0.2": "85c8a62f889aafa1c1f457ee72494c6f7380f18f17324213e454b68a5346f998",
    "https://esm.sh/v134/@octokit/auth-token@5.1.1/denonext/auth-token.mjs": "afc5eb8208138b4b8aaac800b1f489e3274b593a33398967fa2f2af6cf22202f",
    "https://esm.sh/v135/@octokit/auth-token@5.1.0/denonext/auth-token.mjs": "24c22015e586d621821b0acb1b5b82d32c95d1813d264ce8fa3f769ba8806e8c",
    "https://esm.sh/v135/@octokit/core@6.1.2/denonext/core.mjs": "2629f0f304f0a8313644ed4ddedbf1c7fbce06e80aadc6f718f6a4b4f401f9d7",
    "https://esm.sh/v135/@octokit/endpoint@10.0.0/denonext/endpoint.mjs": "8d6f16f0b272fc7a20582637a3ffbd29c14f4bf629fafda05c33cf214b0dd716",
    "https://esm.sh/v135/@octokit/endpoint@10.1.0/denonext/endpoint.mjs": "cb307fd4d62518987144d31210f929e67d644c7bcad866cdfde547a528d48e12",
    "https://esm.sh/v135/@octokit/graphql@8.1.0/denonext/graphql.mjs": "a84701c7a52ca92d4b201f7502c3b048bfb3c0be9a131ed04bc736ccab160aba",
    "https://esm.sh/v135/@octokit/plugin-paginate-rest@11.3.3/denonext/plugin-paginate-rest.mjs": "c82a962edb386933cf0a112d972d5349fa50a2a2401ec472f6292dba403ad218",
    "https://esm.sh/v135/@octokit/plugin-paginate-rest@11.3.5/denonext/plugin-paginate-rest.mjs": "42bd00d50178185acae548d1b885deb70b4d2b9a0b80cc663b4fc39058d7224f",
    "https://esm.sh/v135/@octokit/plugin-request-log@5.3.1/denonext/plugin-request-log.mjs": "f9e3386dbcedf6c635812f004f2681f82402254f091c9753f694eb64790fabfe",
    "https://esm.sh/v135/@octokit/plugin-rest-endpoint-methods@13.2.4/denonext/plugin-rest-endpoint-methods.mjs": "28cb28ddc2367113e9134415a9611be9be6210cdd9f5dc210f3bd9d49f41302d",
    "https://esm.sh/v135/@octokit/plugin-rest-endpoint-methods@13.2.6/denonext/plugin-rest-endpoint-methods.mjs": "7b7edde1815bc78fabf670593f439f7a811edc9a585562082c0badccfd3c471f",
    "https://esm.sh/v135/@octokit/request-error@6.0.2/denonext/request-error.mjs": "d25f73ba0f75f4ed9830caa96bffc7e36a73e51c0777caa8f436af3ede1cb116",
    "https://esm.sh/v135/@octokit/request-error@6.1.0/denonext/request-error.mjs": "271a5a47ff4c05bf414443880c68fcc4c75e4da7c0e2caab1a4998fe4b6961b3",
    "https://esm.sh/v135/@octokit/request@9.0.1/denonext/request.mjs": "150c8b8f650bcb2567a3e30906871234b1f449cd3765af418d15e08767bea449",
    "https://esm.sh/v135/@octokit/request@9.1.0/denonext/request.mjs": "cc64353d55ef0f89428c9d752e57adad51e8dc7e03884f6086f8b953f781ae3e",
    "https://esm.sh/v135/@octokit/rest@21.0.2/denonext/rest.mjs": "00d1861b72e94f1bbf9eed3bf0a06b11faa4c8458a20f1f677e3a64b6b65945d",
    "https://esm.sh/v135/before-after-hook@3.0.2/denonext/before-after-hook.mjs": "cf2363bb9be543fadd912087b89d461082fd2ee66a9a3cc81fbeeea11aea8c32",
    "https://esm.sh/v135/universal-user-agent@7.0.2/denonext/universal-user-agent.mjs": "c95431a8f6a7593e78b18ba137d1ae8fb8e2c7ebbcfc55c3d2cf1c9667ae8554"
  },
  "workspace": {
    "packageJson": {
      "dependencies": [
        "npm:@carbon/charts@^1.22.0",
        "npm:@carbon/colors@^11.28.0",
        "npm:@carbon/icons@^11.52.0",
        "npm:@iconify-json/carbon@^1.2.4",
        "npm:@neodrag/svelte@^2.0.6",
        "npm:@pixi/filter-drop-shadow@^5.2.0",
        "npm:@svelte-drama/suspense@~0.4.7",
        "npm:@svelte-put/clickoutside@^3.0.2",
        "npm:@svelte-put/intersect@^3.0.1",
        "npm:@sveltejs/adapter-auto@^3.3.1",
        "npm:@sveltejs/adapter-static@^3.0.6",
        "npm:@sveltejs/kit@^2.8.0",
        "npm:@sveltejs/vite-plugin-svelte@4",
        "npm:@unocss/extractor-svelte@~0.60.4",
        "npm:@unocss/reset@~0.60.4",
        "npm:@unocss/svelte-scoped@~0.60.4",
        "npm:@unocss/transformer-variant-group@~0.60.4",
        "npm:@use-gesture/core@^10.3.1",
        "npm:@use-gesture/vanilla@^10.3.1",
        "npm:animejs@^3.2.2",
        "npm:d3-cloud@^1.2.7",
        "npm:d3-sankey@~0.12.3",
        "npm:d3-zoom@3",
        "npm:d3@^7.9.0",
        "npm:fuse.js@7",
        "npm:pixi.js@^7.4.2",
        "npm:sharp@0.33.2",
        "npm:sqids@0.3",
        "npm:svelte-check@4",
        "npm:svelte-lazy-loader@1",
        "npm:svelte-media-queries@^1.6.2",
        "npm:svelte-pixi@~0.1.3",
        "npm:svelte-portal@^2.2.1",
        "npm:svelte-preprocess@6",
        "npm:svelte-sequential-preprocessor@^2.0.2",
        "npm:svelte@^5.1.0",
        "npm:tslib@^2.8.1",
        "npm:typescript@^5.6.3",
        "npm:unocss-preset-fluid@^1.0.2",
        "npm:unocss-preset-scrollbar@~0.3.1",
        "npm:unocss@~0.60.4",
        "npm:vite-imagetools@^6.2.9",
        "npm:vite-plugin-compression@~0.5.1",
        "npm:vite-plugin-dynamic-import@^1.6.0",
        "npm:vite@^5.4.10"
      ]
    }
  }
}
